// !$*UTF8*$!
{
	archiveVersion = 1;
	classes = {
	};
	objectVersion = 48;
	objects = {

/* Begin PBXBuildFile section */
		C177CF551FFA8CBF00EB41EB /* AppDelegate.swift in Sources */ = {isa = PBXBuildFile; fileRef = C177CF541FFA8CBF00EB41EB /* AppDelegate.swift */; };
		C177CF571FFA8CBF00EB41EB /* ViewController.swift in Sources */ = {isa = PBXBuildFile; fileRef = C177CF561FFA8CBF00EB41EB /* ViewController.swift */; };
		C177CF5A1FFA8CBF00EB41EB /* Main.storyboard in Resources */ = {isa = PBXBuildFile; fileRef = C177CF581FFA8CBF00EB41EB /* Main.storyboard */; };
		C177CF5C1FFA8CBF00EB41EB /* Assets.xcassets in Resources */ = {isa = PBXBuildFile; fileRef = C177CF5B1FFA8CBF00EB41EB /* Assets.xcassets */; };
		C177CF5F1FFA8CBF00EB41EB /* LaunchScreen.storyboard in Resources */ = {isa = PBXBuildFile; fileRef = C177CF5D1FFA8CBF00EB41EB /* LaunchScreen.storyboard */; };
		C177CF6A1FFA8CBF00EB41EB /* AppTwoTests.swift in Sources */ = {isa = PBXBuildFile; fileRef = C177CF691FFA8CBF00EB41EB /* AppTwoTests.swift */; };
/* End PBXBuildFile section */

/* Begin PBXContainerItemProxy section */
		C177CF661FFA8CBF00EB41EB /* PBXContainerItemProxy */ = {
			isa = PBXContainerItemProxy;
			containerPortal = C177CF491FFA8CBF00EB41EB /* Project object */;
			proxyType = 1;
			remoteGlobalIDString = C177CF501FFA8CBF00EB41EB;
			remoteInfo = AppTwo;
		};
/* End PBXContainerItemProxy section */

/* Begin PBXFileReference section */
		C177CF511FFA8CBF00EB41EB /* AppTwo.app */ = {isa = PBXFileReference; explicitFileType = wrapper.application; includeInIndex = 0; path = AppTwo.app; sourceTree = BUILT_PRODUCTS_DIR; };
		C177CF541FFA8CBF00EB41EB /* AppDelegate.swift */ = {isa = PBXFileReference; lastKnownFileType = sourcecode.swift; path = AppDelegate.swift; sourceTree = "<group>"; };
		C177CF561FFA8CBF00EB41EB /* ViewController.swift */ = {isa = PBXFileReference; lastKnownFileType = sourcecode.swift; path = ViewController.swift; sourceTree = "<group>"; };
		C177CF591FFA8CBF00EB41EB /* Base */ = {isa = PBXFileReference; lastKnownFileType = file.storyboard; name = Base; path = Base.lproj/Main.storyboard; sourceTree = "<group>"; };
		C177CF5B1FFA8CBF00EB41EB /* Assets.xcassets */ = {isa = PBXFileReference; lastKnownFileType = folder.assetcatalog; path = Assets.xcassets; sourceTree = "<group>"; };
		C177CF5E1FFA8CBF00EB41EB /* Base */ = {isa = PBXFileReference; lastKnownFileType = file.storyboard; name = Base; path = Base.lproj/LaunchScreen.storyboard; sourceTree = "<group>"; };
		C177CF601FFA8CBF00EB41EB /* Info.plist */ = {isa = PBXFileReference; lastKnownFileType = text.plist.xml; path = Info.plist; sourceTree = "<group>"; };
		C177CF651FFA8CBF00EB41EB /* AppTwoTests.xctest */ = {isa = PBXFileReference; explicitFileType = wrapper.cfbundle; includeInIndex = 0; path = AppTwoTests.xctest; sourceTree = BUILT_PRODUCTS_DIR; };
		C177CF691FFA8CBF00EB41EB /* AppTwoTests.swift */ = {isa = PBXFileReference; lastKnownFileType = sourcecode.swift; path = AppTwoTests.swift; sourceTree = "<group>"; };
		C177CF6B1FFA8CBF00EB41EB /* Info.plist */ = {isa = PBXFileReference; lastKnownFileType = text.plist.xml; path = Info.plist; sourceTree = "<group>"; };
/* End PBXFileReference section */

/* Begin PBXFrameworksBuildPhase section */
		C177CF4E1FFA8CBF00EB41EB /* Frameworks */ = {
			isa = PBXFrameworksBuildPhase;
			buildActionMask = 2147483647;
			files = (
			);
			runOnlyForDeploymentPostprocessing = 0;
		};
		C177CF621FFA8CBF00EB41EB /* Frameworks */ = {
			isa = PBXFrameworksBuildPhase;
			buildActionMask = 2147483647;
			files = (
			);
			runOnlyForDeploymentPostprocessing = 0;
		};
/* End PBXFrameworksBuildPhase section */

/* Begin PBXGroup section */
		C177CF481FFA8CBF00EB41EB = {
			isa = PBXGroup;
			children = (
				C177CF531FFA8CBF00EB41EB /* AppTwo */,
				C177CF681FFA8CBF00EB41EB /* AppTwoTests */,
				C177CF521FFA8CBF00EB41EB /* Products */,
			);
			sourceTree = "<group>";
		};
		C177CF521FFA8CBF00EB41EB /* Products */ = {
			isa = PBXGroup;
			children = (
				C177CF511FFA8CBF00EB41EB /* AppTwo.app */,
				C177CF651FFA8CBF00EB41EB /* AppTwoTests.xctest */,
			);
			name = Products;
			sourceTree = "<group>";
		};
		C177CF531FFA8CBF00EB41EB /* AppTwo */ = {
			isa = PBXGroup;
			children = (
				C177CF541FFA8CBF00EB41EB /* AppDelegate.swift */,
				C177CF561FFA8CBF00EB41EB /* ViewController.swift */,
				C177CF581FFA8CBF00EB41EB /* Main.storyboard */,
				C177CF5B1FFA8CBF00EB41EB /* Assets.xcassets */,
				C177CF5D1FFA8CBF00EB41EB /* LaunchScreen.storyboard */,
				C177CF601FFA8CBF00EB41EB /* Info.plist */,
			);
			path = AppTwo;
			sourceTree = "<group>";
		};
		C177CF681FFA8CBF00EB41EB /* AppTwoTests */ = {
			isa = PBXGroup;
			children = (
				C177CF691FFA8CBF00EB41EB /* AppTwoTests.swift */,
				C177CF6B1FFA8CBF00EB41EB /* Info.plist */,
			);
			path = AppTwoTests;
			sourceTree = "<group>";
		};
/* End PBXGroup section */

/* Begin PBXNativeTarget section */
		C177CF501FFA8CBF00EB41EB /* AppTwo */ = {
			isa = PBXNativeTarget;
			buildConfigurationList = C177CF6E1FFA8CBF00EB41EB /* Build configuration list for PBXNativeTarget "AppTwo" */;
			buildPhases = (
				C177CF4D1FFA8CBF00EB41EB /* Sources */,
				C177CF4E1FFA8CBF00EB41EB /* Frameworks */,
				C177CF4F1FFA8CBF00EB41EB /* Resources */,
			);
			buildRules = (
			);
			dependencies = (
			);
			name = AppTwo;
			productName = AppTwo;
			productReference = C177CF511FFA8CBF00EB41EB /* AppTwo.app */;
			productType = "com.apple.product-type.application";
		};
		C177CF641FFA8CBF00EB41EB /* AppTwoTests */ = {
			isa = PBXNativeTarget;
			buildConfigurationList = C177CF711FFA8CBF00EB41EB /* Build configuration list for PBXNativeTarget "AppTwoTests" */;
			buildPhases = (
				C177CF611FFA8CBF00EB41EB /* Sources */,
				C177CF621FFA8CBF00EB41EB /* Frameworks */,
				C177CF631FFA8CBF00EB41EB /* Resources */,
			);
			buildRules = (
			);
			dependencies = (
				C177CF671FFA8CBF00EB41EB /* PBXTargetDependency */,
			);
			name = AppTwoTests;
			productName = AppTwoTests;
			productReference = C177CF651FFA8CBF00EB41EB /* AppTwoTests.xctest */;
			productType = "com.apple.product-type.bundle.unit-test";
		};
/* End PBXNativeTarget section */

/* Begin PBXProject section */
		C177CF491FFA8CBF00EB41EB /* Project object */ = {
			isa = PBXProject;
			attributes = {
				LastSwiftUpdateCheck = 0910;
				LastUpgradeCheck = 0910;
				ORGANIZATIONNAME = "Marvin Laucher";
				TargetAttributes = {
					C177CF501FFA8CBF00EB41EB = {
						CreatedOnToolsVersion = 9.1;
						ProvisioningStyle = Automatic;
					};
					C177CF641FFA8CBF00EB41EB = {
						CreatedOnToolsVersion = 9.1;
						ProvisioningStyle = Automatic;
						TestTargetID = C177CF501FFA8CBF00EB41EB;
					};
				};
			};
			buildConfigurationList = C177CF4C1FFA8CBF00EB41EB /* Build configuration list for PBXProject "AppTwo" */;
			compatibilityVersion = "Xcode 8.0";
			developmentRegion = en;
			hasScannedForEncodings = 0;
			knownRegions = (
				en,
				Base,
			);
			mainGroup = C177CF481FFA8CBF00EB41EB;
			productRefGroup = C177CF521FFA8CBF00EB41EB /* Products */;
			projectDirPath = "";
			projectRoot = "";
			targets = (
				C177CF501FFA8CBF00EB41EB /* AppTwo */,
				C177CF641FFA8CBF00EB41EB /* AppTwoTests */,
			);
		};
/* End PBXProject section */

/* Begin PBXResourcesBuildPhase section */
		C177CF4F1FFA8CBF00EB41EB /* Resources */ = {
			isa = PBXResourcesBuildPhase;
			buildActionMask = 2147483647;
			files = (
				C177CF5F1FFA8CBF00EB41EB /* LaunchScreen.storyboard in Resources */,
				C177CF5C1FFA8CBF00EB41EB /* Assets.xcassets in Resources */,
				C177CF5A1FFA8CBF00EB41EB /* Main.storyboard in Resources */,
			);
			runOnlyForDeploymentPostprocessing = 0;
		};
		C177CF631FFA8CBF00EB41EB /* Resources */ = {
			isa = PBXResourcesBuildPhase;
			buildActionMask = 2147483647;
			files = (
			);
			runOnlyForDeploymentPostprocessing = 0;
		};
/* End PBXResourcesBuildPhase section */

/* Begin PBXSourcesBuildPhase section */
		C177CF4D1FFA8CBF00EB41EB /* Sources */ = {
			isa = PBXSourcesBuildPhase;
			buildActionMask = 2147483647;
			files = (
				C177CF571FFA8CBF00EB41EB /* ViewController.swift in Sources */,
				C177CF551FFA8CBF00EB41EB /* AppDelegate.swift in Sources */,
			);
			runOnlyForDeploymentPostprocessing = 0;
		};
		C177CF611FFA8CBF00EB41EB /* Sources */ = {
			isa = PBXSourcesBuildPhase;
			buildActionMask = 2147483647;
			files = (
				C177CF6A1FFA8CBF00EB41EB /* AppTwoTests.swift in Sources */,
			);
			runOnlyForDeploymentPostprocessing = 0;
		};
/* End PBXSourcesBuildPhase section */

/* Begin PBXTargetDependency section */
		C177CF671FFA8CBF00EB41EB /* PBXTargetDependency */ = {
			isa = PBXTargetDependency;
			target = C177CF501FFA8CBF00EB41EB /* AppTwo */;
			targetProxy = C177CF661FFA8CBF00EB41EB /* PBXContainerItemProxy */;
		};
/* End PBXTargetDependency section */

/* Begin PBXVariantGroup section */
		C177CF581FFA8CBF00EB41EB /* Main.storyboard */ = {
			isa = PBXVariantGroup;
			children = (
				C177CF591FFA8CBF00EB41EB /* Base */,
			);
			name = Main.storyboard;
			sourceTree = "<group>";
		};
		C177CF5D1FFA8CBF00EB41EB /* LaunchScreen.storyboard */ = {
			isa = PBXVariantGroup;
			children = (
				C177CF5E1FFA8CBF00EB41EB /* Base */,
			);
			name = LaunchScreen.storyboard;
			sourceTree = "<group>";
		};
/* End PBXVariantGroup section */

/* Begin XCBuildConfiguration section */
		C177CF6C1FFA8CBF00EB41EB /* Debug */ = {
			isa = XCBuildConfiguration;
			buildSettings = {
				ALWAYS_SEARCH_USER_PATHS = NO;
				CLANG_ANALYZER_NONNULL = YES;
				CLANG_ANALYZER_NUMBER_OBJECT_CONVERSION = YES_AGGRESSIVE;
				CLANG_CXX_LANGUAGE_STANDARD = "gnu++14";
				CLANG_CXX_LIBRARY = "libc++";
				CLANG_ENABLE_MODULES = YES;
				CLANG_ENABLE_OBJC_ARC = YES;
				CLANG_WARN_BLOCK_CAPTURE_AUTORELEASING = YES;
				CLANG_WARN_BOOL_CONVERSION = YES;
				CLANG_WARN_COMMA = YES;
				CLANG_WARN_CONSTANT_CONVERSION = YES;
				CLANG_WARN_DIRECT_OBJC_ISA_USAGE = YES_ERROR;
				CLANG_WARN_DOCUMENTATION_COMMENTS = YES;
				CLANG_WARN_EMPTY_BODY = YES;
				CLANG_WARN_ENUM_CONVERSION = YES;
				CLANG_WARN_INFINITE_RECURSION = YES;
				CLANG_WARN_INT_CONVERSION = YES;
				CLANG_WARN_NON_LITERAL_NULL_CONVERSION = YES;
				CLANG_WARN_OBJC_LITERAL_CONVERSION = YES;
				CLANG_WARN_OBJC_ROOT_CLASS = YES_ERROR;
				CLANG_WARN_RANGE_LOOP_ANALYSIS = YES;
				CLANG_WARN_STRICT_PROTOTYPES = YES;
				CLANG_WARN_SUSPICIOUS_MOVE = YES;
				CLANG_WARN_UNGUARDED_AVAILABILITY = YES_AGGRESSIVE;
				CLANG_WARN_UNREACHABLE_CODE = YES;
				CLANG_WARN__DUPLICATE_METHOD_MATCH = YES;
				CODE_SIGN_IDENTITY = "iPhone Developer";
				COPY_PHASE_STRIP = NO;
				DEBUG_INFORMATION_FORMAT = dwarf;
				ENABLE_STRICT_OBJC_MSGSEND = YES;
				ENABLE_TESTABILITY = YES;
				GCC_C_LANGUAGE_STANDARD = gnu11;
				GCC_DYNAMIC_NO_PIC = NO;
				GCC_NO_COMMON_BLOCKS = YES;
				GCC_OPTIMIZATION_LEVEL = 0;
				GCC_PREPROCESSOR_DEFINITIONS = (
					"DEBUG=1",
					"$(inherited)",
				);
				GCC_WARN_64_TO_32_BIT_CONVERSION = YES;
				GCC_WARN_ABOUT_RETURN_TYPE = YES_ERROR;
				GCC_WARN_UNDECLARED_SELECTOR = YES;
				GCC_WARN_UNINITIALIZED_AUTOS = YES_AGGRESSIVE;
				GCC_WARN_UNUSED_FUNCTION = YES;
				GCC_WARN_UNUSED_VARIABLE = YES;
				IPHONEOS_DEPLOYMENT_TARGET = 11.1;
				MTL_ENABLE_DEBUG_INFO = YES;
				ONLY_ACTIVE_ARCH = YES;
				SDKROOT = iphoneos;
				SWIFT_ACTIVE_COMPILATION_CONDITIONS = DEBUG;
				SWIFT_OPTIMIZATION_LEVEL = "-Onone";
			};
			name = Debug;
		};
		C177CF6D1FFA8CBF00EB41EB /* Release */ = {
			isa = XCBuildConfiguration;
			buildSettings = {
				ALWAYS_SEARCH_USER_PATHS = NO;
				CLANG_ANALYZER_NONNULL = YES;
				CLANG_ANALYZER_NUMBER_OBJECT_CONVERSION = YES_AGGRESSIVE;
				CLANG_CXX_LANGUAGE_STANDARD = "gnu++14";
				CLANG_CXX_LIBRARY = "libc++";
				CLANG_ENABLE_MODULES = YES;
				CLANG_ENABLE_OBJC_ARC = YES;
				CLANG_WARN_BLOCK_CAPTURE_AUTORELEASING = YES;
				CLANG_WARN_BOOL_CONVERSION = YES;
				CLANG_WARN_COMMA = YES;
				CLANG_WARN_CONSTANT_CONVERSION = YES;
				CLANG_WARN_DIRECT_OBJC_ISA_USAGE = YES_ERROR;
				CLANG_WARN_DOCUMENTATION_COMMENTS = YES;
				CLANG_WARN_EMPTY_BODY = YES;
				CLANG_WARN_ENUM_CONVERSION = YES;
				CLANG_WARN_INFINITE_RECURSION = YES;
				CLANG_WARN_INT_CONVERSION = YES;
				CLANG_WARN_NON_LITERAL_NULL_CONVERSION = YES;
				CLANG_WARN_OBJC_LITERAL_CONVERSION = YES;
				CLANG_WARN_OBJC_ROOT_CLASS = YES_ERROR;
				CLANG_WARN_RANGE_LOOP_ANALYSIS = YES;
				CLANG_WARN_STRICT_PROTOTYPES = YES;
				CLANG_WARN_SUSPICIOUS_MOVE = YES;
				CLANG_WARN_UNGUARDED_AVAILABILITY = YES_AGGRESSIVE;
				CLANG_WARN_UNREACHABLE_CODE = YES;
				CLANG_WARN__DUPLICATE_METHOD_MATCH = YES;
				CODE_SIGN_IDENTITY = "iPhone Developer";
				COPY_PHASE_STRIP = NO;
				DEBUG_INFORMATION_FORMAT = "dwarf-with-dsym";
				ENABLE_NS_ASSERTIONS = NO;
				ENABLE_STRICT_OBJC_MSGSEND = YES;
				GCC_C_LANGUAGE_STANDARD = gnu11;
				GCC_NO_COMMON_BLOCKS = YES;
				GCC_WARN_64_TO_32_BIT_CONVERSION = YES;
				GCC_WARN_ABOUT_RETURN_TYPE = YES_ERROR;
				GCC_WARN_UNDECLARED_SELECTOR = YES;
				GCC_WARN_UNINITIALIZED_AUTOS = YES_AGGRESSIVE;
				GCC_WARN_UNUSED_FUNCTION = YES;
				GCC_WARN_UNUSED_VARIABLE = YES;
				IPHONEOS_DEPLOYMENT_TARGET = 11.1;
				MTL_ENABLE_DEBUG_INFO = NO;
				SDKROOT = iphoneos;
				SWIFT_OPTIMIZATION_LEVEL = "-Owholemodule";
				VALIDATE_PRODUCT = YES;
			};
			name = Release;
		};
		C177CF6F1FFA8CBF00EB41EB /* Debug */ = {
			isa = XCBuildConfiguration;
			buildSettings = {
				ASSETCATALOG_COMPILER_APPICON_NAME = AppIcon;
				CODE_SIGN_STYLE = Automatic;
				INFOPLIST_FILE = AppTwo/Info.plist;
				LD_RUNPATH_SEARCH_PATHS = "$(inherited) @executable_path/Frameworks";
				PRODUCT_BUNDLE_IDENTIFIER = com.apptwo.AppTwo;
				PRODUCT_NAME = "$(TARGET_NAME)";
				SWIFT_VERSION = 4.0;
				TARGETED_DEVICE_FAMILY = "1,2";
			};
			name = Debug;
		};
		C177CF701FFA8CBF00EB41EB /* Release */ = {
			isa = XCBuildConfiguration;
			buildSettings = {
				ASSETCATALOG_COMPILER_APPICON_NAME = AppIcon;
				CODE_SIGN_STYLE = Automatic;
				INFOPLIST_FILE = AppTwo/Info.plist;
				LD_RUNPATH_SEARCH_PATHS = "$(inherited) @executable_path/Frameworks";
				PRODUCT_BUNDLE_IDENTIFIER = com.apptwo.AppTwo;
				PRODUCT_NAME = "$(TARGET_NAME)";
				SWIFT_VERSION = 4.0;
				TARGETED_DEVICE_FAMILY = "1,2";
			};
			name = Release;
		};
		C177CF721FFA8CBF00EB41EB /* Debug */ = {
			isa = XCBuildConfiguration;
			buildSettings = {
				ALWAYS_EMBED_SWIFT_STANDARD_LIBRARIES = YES;
				BUNDLE_LOADER = "$(TEST_HOST)";
				CODE_SIGN_STYLE = Automatic;
				INFOPLIST_FILE = AppTwoTests/Info.plist;
				LD_RUNPATH_SEARCH_PATHS = "$(inherited) @executable_path/Frameworks @loader_path/Frameworks";
				PRODUCT_BUNDLE_IDENTIFIER = com.apptwo.AppTwoTests;
				PRODUCT_NAME = "$(TARGET_NAME)";
				SWIFT_VERSION = 4.0;
				TARGETED_DEVICE_FAMILY = "1,2";
				TEST_HOST = "$(BUILT_PRODUCTS_DIR)/AppTwo.app/AppTwo";
			};
			name = Debug;
		};
		C177CF731FFA8CBF00EB41EB /* Release */ = {
			isa = XCBuildConfiguration;
			buildSettings = {
				ALWAYS_EMBED_SWIFT_STANDARD_LIBRARIES = YES;
				BUNDLE_LOADER = "$(TEST_HOST)";
				CODE_SIGN_STYLE = Automatic;
				INFOPLIST_FILE = AppTwoTests/Info.plist;
				LD_RUNPATH_SEARCH_PATHS = "$(inherited) @executable_path/Frameworks @loader_path/Frameworks";
				PRODUCT_BUNDLE_IDENTIFIER = com.apptwo.AppTwoTests;
				PRODUCT_NAME = "$(TARGET_NAME)";
				SWIFT_VERSION = 4.0;
				TARGETED_DEVICE_FAMILY = "1,2";
				TEST_HOST = "$(BUILT_PRODUCTS_DIR)/AppTwo.app/AppTwo";
			};
			name = Release;
		};
/* End XCBuildConfiguration section */

/* Begin XCConfigurationList section */
		C177CF4C1FFA8CBF00EB41EB /* Build configuration list for PBXProject "AppTwo" */ = {
			isa = XCConfigurationList;
			buildConfigurations = (
				C177CF6C1FFA8CBF00EB41EB /* Debug */,
				C177CF6D1FFA8CBF00EB41EB /* Release */,
			);
			defaultConfigurationIsVisible = 0;
			defaultConfigurationName = Release;
		};
		C177CF6E1FFA8CBF00EB41EB /* Build configuration list for PBXNativeTarget "AppTwo" */ = {
			isa = XCConfigurationList;
			buildConfigurations = (
				C177CF6F1FFA8CBF00EB41EB /* Debug */,
				C177CF701FFA8CBF00EB41EB /* Release */,
			);
			defaultConfigurationIsVisible = 0;
			defaultConfigurationName = Release;
		};
		C177CF711FFA8CBF00EB41EB /* Build configuration list for PBXNativeTarget "AppTwoTests" */ = {
			isa = XCConfigurationList;
			buildConfigurations = (
				C177CF721FFA8CBF00EB41EB /* Debug */,
				C177CF731FFA8CBF00EB41EB /* Release */,
			);
			defaultConfigurationIsVisible = 0;
			defaultConfigurationName = Release;
		};
/* End XCConfigurationList section */
	};
	rootObject = C177CF491FFA8CBF00EB41EB /* Project object */;
}
